# THIS IS AN AUTOGENERATED FILE. DO NOT EDIT THIS FILE DIRECTLY.
# yarn lockfile v1


"@malagu/core@^0.0.10":
  version "0.0.10"
  resolved "https://registry.yarnpkg.com/@malagu/core/-/core-0.0.10.tgz#7657d8b872e97ffcf20ef06f614f4799b878c5b7"
  integrity sha512-ZIzRX3qnXaWe1H0TbssBv6xrst/x7Hm8E9F8Pltj5KxFRs08qayY7eU0ercf0MeYZSmhyD41zPM8oAne6Houcw==
  dependencies:
    "@types/express" "^4.16.1"
    "@types/lodash.debounce" "4.0.3"
    "@types/lodash.throttle" "^4.1.3"
    class-transformer "^0.2.3"
    class-validator "^0.11.0"
    es6-promise "^4.2.4"
    inversify "^5.0.1"
    inversify-binding-decorators "^4.0.0"
    jexl "^2.1.1"
    lodash.debounce "^4.0.8"
    lodash.throttle "^4.1.1"
    loglevel "^1.6.3"
    reflect-metadata "^0.1.10"
    source-map-support "^0.5.13"
    ts-custom-error "^3.1.1"
    url-join "^4.0.1"
    vscode-ws-jsonrpc "^0.1.1"

"@types/body-parser@*":
  version "1.19.0"
  resolved "https://registry.yarnpkg.com/@types/body-parser/-/body-parser-1.19.0.tgz#0685b3c47eb3006ffed117cdd55164b61f80538f"
  integrity sha512-W98JrE0j2K78swW4ukqMleo8R7h/pFETjM2DQ90MF6XK2i4LO4W3gQ71Lt4w3bfm2EvVSyWHplECvB5sK22yFQ==
  dependencies:
    "@types/connect" "*"
    "@types/node" "*"

"@types/connect@*":
  version "3.4.33"
  resolved "https://registry.yarnpkg.com/@types/connect/-/connect-3.4.33.tgz#31610c901eca573b8713c3330abc6e6b9f588546"
  integrity sha512-2+FrkXY4zllzTNfJth7jOqEHC+enpLeGslEhpnTAkg21GkRrWV4SsAtqchtT4YS9/nODBU2/ZfsBY2X4J/dX7A==
  dependencies:
    "@types/node" "*"

"@types/express-serve-static-core@*":
  version "4.17.2"
  resolved "https://registry.yarnpkg.com/@types/express-serve-static-core/-/express-serve-static-core-4.17.2.tgz#f6f41fa35d42e79dbf6610eccbb2637e6008a0cf"
  integrity sha512-El9yMpctM6tORDAiBwZVLMcxoTMcqqRO9dVyYcn7ycLWbvR8klrDn8CAOwRfZujZtWD7yS/mshTdz43jMOejbg==
  dependencies:
    "@types/node" "*"
    "@types/range-parser" "*"

"@types/express@^4.16.1":
  version "4.17.2"
  resolved "https://registry.yarnpkg.com/@types/express/-/express-4.17.2.tgz#a0fb7a23d8855bac31bc01d5a58cadd9b2173e6c"
  integrity sha512-5mHFNyavtLoJmnusB8OKJ5bshSzw+qkMIBAobLrIM48HJvunFva9mOa6aBwh64lBFyNwBbs0xiEFuj4eU/NjCA==
  dependencies:
    "@types/body-parser" "*"
    "@types/express-serve-static-core" "*"
    "@types/serve-static" "*"

"@types/lodash.debounce@4.0.3":
  version "4.0.3"
  resolved "https://registry.yarnpkg.com/@types/lodash.debounce/-/lodash.debounce-4.0.3.tgz#d712aee9e6136be77f70523ed9f0fc049a6cf15a"
  integrity sha512-/2RpcexzkSH16nENwuL/Gd3Y2xvdkNwX32KPESB/D8K2c6HBs7GdSnoj6ngyFWNT1UhXNrIpJd0lgSC3Rmt/3g==
  dependencies:
    "@types/lodash" "*"

"@types/lodash.throttle@^4.1.3":
  version "4.1.6"
  resolved "https://registry.yarnpkg.com/@types/lodash.throttle/-/lodash.throttle-4.1.6.tgz#f5ba2c22244ee42ff6c2c49e614401a870c1009c"
  integrity sha512-/UIH96i/sIRYGC60NoY72jGkCJtFN5KVPhEMMMTjol65effe1gPn0tycJqV5tlSwMTzX8FqzB5yAj0rfGHTPNg==
  dependencies:
    "@types/lodash" "*"

"@types/lodash@*":
  version "4.14.149"
  resolved "https://registry.yarnpkg.com/@types/lodash/-/lodash-4.14.149.tgz#1342d63d948c6062838fbf961012f74d4e638440"
  integrity sha512-ijGqzZt/b7BfzcK9vTrS6MFljQRPn5BFWOx8oE0GYxribu6uV+aA9zZuXI1zc/etK9E8nrgdoF2+LgUw7+9tJQ==

"@types/mime@*":
  version "2.0.1"
  resolved "https://registry.yarnpkg.com/@types/mime/-/mime-2.0.1.tgz#dc488842312a7f075149312905b5e3c0b054c79d"
  integrity sha512-FwI9gX75FgVBJ7ywgnq/P7tw+/o1GUbtP0KzbtusLigAOgIgNISRK0ZPl4qertvXSIE8YbsVJueQ90cDt9YYyw==

"@types/node@*":
  version "13.7.1"
  resolved "https://registry.yarnpkg.com/@types/node/-/node-13.7.1.tgz#238eb34a66431b71d2aaddeaa7db166f25971a0d"
  integrity sha512-Zq8gcQGmn4txQEJeiXo/KiLpon8TzAl0kmKH4zdWctPj05nWwp1ClMdAVEloqrQKfaC48PNLdgN/aVaLqUrluA==

"@types/range-parser@*":
  version "1.2.3"
  resolved "https://registry.yarnpkg.com/@types/range-parser/-/range-parser-1.2.3.tgz#7ee330ba7caafb98090bece86a5ee44115904c2c"
  integrity sha512-ewFXqrQHlFsgc09MK5jP5iR7vumV/BYayNC6PgJO2LPe8vrnNFyjQjSppfEngITi0qvfKtzFvgKymGheFM9UOA==

"@types/serve-static@*":
  version "1.13.3"
  resolved "https://registry.yarnpkg.com/@types/serve-static/-/serve-static-1.13.3.tgz#eb7e1c41c4468272557e897e9171ded5e2ded9d1"
  integrity sha512-oprSwp094zOglVrXdlo/4bAHtKTAxX6VT8FOZlBKrmyLbNvE1zxZyJ6yikMVtHIvwP45+ZQGJn+FdXGKTozq0g==
  dependencies:
    "@types/express-serve-static-core" "*"
    "@types/mime" "*"

"@types/validator@10.11.3":
  version "10.11.3"
  resolved "https://registry.yarnpkg.com/@types/validator/-/validator-10.11.3.tgz#945799bef24a953c5bc02011ca8ad79331a3ef25"
  integrity sha512-GKF2VnEkMmEeEGvoo03ocrP9ySMuX1ypKazIYMlsjfslfBMhOAtC5dmEWKdJioW4lJN7MZRS88kalTsVClyQ9w==

buffer-from@^1.0.0:
  version "1.1.1"
  resolved "https://registry.yarnpkg.com/buffer-from/-/buffer-from-1.1.1.tgz#32713bc028f75c02fdb710d7c7bcec1f2c6070ef"
  integrity sha512-MQcXEUbCKtEo7bhqEs6560Hyd4XaovZlO/k9V3hjVUF/zwW7KBVdSK4gIt/bzwS9MbR5qob+F5jusZsb0YQK2A==

class-transformer@^0.2.3:
  version "0.2.3"
  resolved "https://registry.yarnpkg.com/class-transformer/-/class-transformer-0.2.3.tgz#598c92ca71dcca73f91ccb875d74a3847ccfa32d"
  integrity sha512-qsP+0xoavpOlJHuYsQJsN58HXSl8Jvveo+T37rEvCEeRfMWoytAyR0Ua/YsFgpM6AZYZ/og2PJwArwzJl1aXtQ==

class-validator@^0.11.0:
  version "0.11.0"
  resolved "https://registry.yarnpkg.com/class-validator/-/class-validator-0.11.0.tgz#5fca8b8a957c738a6749391e03ee81fad375dc4a"
  integrity sha512-niAmmSPFku9xsnpYYrddy8NZRrCX3yyoZ/rgPKOilE5BG0Ma1eVCIxpR4X0LasL/6BzbYzsutG+mSbAXlh4zNw==
  dependencies:
    "@types/validator" "10.11.3"
    google-libphonenumber "^3.1.6"
    validator "12.0.0"

es6-promise@^4.2.4:
  version "4.2.8"
  resolved "https://registry.yarnpkg.com/es6-promise/-/es6-promise-4.2.8.tgz#4eb21594c972bc40553d276e510539143db53e0a"
  integrity sha512-HJDGx5daxeIvxdBxvG2cb9g4tEvwIk3i8+nhX0yGrYmZUzbkdg8QbDevheDB8gd0//uPj4c1EQua8Q+MViT0/w==

google-libphonenumber@^3.1.6:
  version "3.2.6"
  resolved "https://registry.yarnpkg.com/google-libphonenumber/-/google-libphonenumber-3.2.6.tgz#3d725b48ff44706b80246e77f95f2c2fdc6fd729"
  integrity sha512-6QCQAaKJlSd/1dUqvdQf7zzfb3uiZHsG8yhCfOdCVRfMuPZ/VDIEB47y5SYwjPQJPs7ebfW5jj6PeobB9JJ4JA==

inversify-binding-decorators@^4.0.0:
  version "4.0.0"
  resolved "https://registry.yarnpkg.com/inversify-binding-decorators/-/inversify-binding-decorators-4.0.0.tgz#c4d1ac50d7d6531f465ee7894e92031f7471c865"
  integrity sha512-r8au/oH3vS7ttHj0RivAznwElySeRohLfg8lvOSzbrX6abf/8ik8ptk49XbzdShgrnalvl7CM6MjcskfM7MMqQ==

inversify@^5.0.1:
  version "5.0.1"
  resolved "https://registry.yarnpkg.com/inversify/-/inversify-5.0.1.tgz#500d709b1434896ce5a0d58915c4a4210e34fb6e"
  integrity sha512-Ieh06s48WnEYGcqHepdsJUIJUXpwH5o5vodAX+DK2JA/gjy4EbEcQZxw+uFfzysmKjiLXGYwNG3qDZsKVMcINQ==

jexl@^2.1.1:
  version "2.2.2"
  resolved "https://registry.yarnpkg.com/jexl/-/jexl-2.2.2.tgz#eb06cd84684a52b6408be94604c5529f416ccd2f"
  integrity sha512-HYDGbiZtGLbaxp1b0S7Nqbtegu5zhxaUBzsrMIpoEJDNr1M8lSuowpO7ziXldc/+wGGvwkZYQSS8mW2cPpiGgA==

lodash.debounce@^4.0.8:
  version "4.0.8"
  resolved "https://registry.yarnpkg.com/lodash.debounce/-/lodash.debounce-4.0.8.tgz#82d79bff30a67c4005ffd5e2515300ad9ca4d7af"
  integrity sha1-gteb/zCmfEAF/9XiUVMArZyk168=

lodash.throttle@^4.1.1:
  version "4.1.1"
  resolved "https://registry.yarnpkg.com/lodash.throttle/-/lodash.throttle-4.1.1.tgz#c23e91b710242ac70c37f1e1cda9274cc39bf2f4"
  integrity sha1-wj6RtxAkKscMN/HhzaknTMOb8vQ=

loglevel@^1.6.3:
  version "1.6.7"
  resolved "https://registry.yarnpkg.com/loglevel/-/loglevel-1.6.7.tgz#b3e034233188c68b889f5b862415306f565e2c56"
  integrity sha512-cY2eLFrQSAfVPhCgH1s7JI73tMbg9YC3v3+ZHVW67sBS7UxWzNEk/ZBbSfLykBWHp33dqqtOv82gjhKEi81T/A==

reflect-metadata@^0.1.10:
  version "0.1.13"
  resolved "https://registry.yarnpkg.com/reflect-metadata/-/reflect-metadata-0.1.13.tgz#67ae3ca57c972a2aa1642b10fe363fe32d49dc08"
  integrity sha512-Ts1Y/anZELhSsjMcU605fU9RE4Oi3p5ORujwbIKXfWa+0Zxs510Qrmrce5/Jowq3cHSZSJqBjypxmHarc+vEWg==

source-map-support@^0.5.13:
  version "0.5.16"
  resolved "https://registry.yarnpkg.com/source-map-support/-/source-map-support-0.5.16.tgz#0ae069e7fe3ba7538c64c98515e35339eac5a042"
  integrity sha512-efyLRJDr68D9hBBNIPWFjhpFzURh+KJykQwvMyW5UiZzYwoF6l4YMMDIJJEyFWxWCqfyxLzz6tSfUFR+kXXsVQ==
  dependencies:
    buffer-from "^1.0.0"
    source-map "^0.6.0"

source-map@^0.6.0:
  version "0.6.1"
  resolved "https://registry.yarnpkg.com/source-map/-/source-map-0.6.1.tgz#74722af32e9614e9c287a8d0bbde48b5e2f1a263"
  integrity sha512-UjgapumWlbMhkBgzT7Ykc5YXUT46F0iKu8SGXq0bcwP5dz/h0Plj6enJqjz1Zbq2l5WaqYnrVbwWOWMyF3F47g==

ts-custom-error@^3.1.1:
  version "3.1.1"
  resolved "https://registry.yarnpkg.com/ts-custom-error/-/ts-custom-error-3.1.1.tgz#d30c7415461dac93dc2cc9e9eb2dae92e6423901"
  integrity sha512-f/syoy+pTE4z82qaiRuthEeZtCGNKzlfs0Zc8jpQFcz/CYMaFSwFSdfFt1sSFnPlDLOEm7RCROdIxZ44N8UlwA==

url-join@^4.0.1:
  version "4.0.1"
  resolved "https://registry.yarnpkg.com/url-join/-/url-join-4.0.1.tgz#b642e21a2646808ffa178c4c5fda39844e12cde7"
  integrity sha512-jk1+QP6ZJqyOiuEI9AEWQfju/nB2Pw466kbA0LEZljHwKeMgd9WrAEgEGxjPDD2+TNbbb37rTyhEfrCXfuKXnA==

validator@12.0.0:
  version "12.0.0"
  resolved "https://registry.yarnpkg.com/validator/-/validator-12.0.0.tgz#fb33221f5320abe2422cda2f517dc3838064e813"
  integrity sha512-r5zA1cQBEOgYlesRmSEwc9LkbfNLTtji+vWyaHzRZUxCTHdsX3bd+sdHfs5tGZ2W6ILGGsxWxCNwT/h3IY/3ng==

vscode-jsonrpc@^4.1.0-next:
  version "4.1.0-next.3"
  resolved "https://registry.yarnpkg.com/vscode-jsonrpc/-/vscode-jsonrpc-4.1.0-next.3.tgz#05fe742959a2726020d4d0bfbc3d3c97873c7fde"
  integrity sha512-Z6oxBiMks2+UADV1QHXVooSakjyhI+eHTnXzDyVvVMmegvSfkXk2w6mPEdSkaNHFBdtWW7n20H1yw2nA3A17mg==

vscode-ws-jsonrpc@^0.1.1:
  version "0.1.1"
  resolved "https://registry.yarnpkg.com/vscode-ws-jsonrpc/-/vscode-ws-jsonrpc-0.1.1.tgz#163ff05662635b4fd161ed132e112cec4d83f126"
  integrity sha512-1O/FUORbb8dZAvh9AFF6HViLJ0Ja0RbF+sFRnUsoqkuKIRsXDDiiJpwYwT6fmglCLefE5afGPw9NoHvDVN/5yw==
  dependencies:
    vscode-jsonrpc "^4.1.0-next"
